// !$*UTF8*$!
{
	archiveVersion = 1;
	classes = {
	};
	objectVersion = 55;
	objects = {

/* Begin PBXBuildFile section */
		6830492D2777F6D0005AD207 /* AppDelegate.swift in Sources */ = {isa = PBXBuildFile; fileRef = 6830492C2777F6D0005AD207 /* AppDelegate.swift */; };
		6830492F2777F6D0005AD207 /* SceneDelegate.swift in Sources */ = {isa = PBXBuildFile; fileRef = 6830492E2777F6D0005AD207 /* SceneDelegate.swift */; };
		683049312777F6D0005AD207 /* ViewController.swift in Sources */ = {isa = PBXBuildFile; fileRef = 683049302777F6D0005AD207 /* ViewController.swift */; };
		683049342777F6D0005AD207 /* Main.storyboard in Resources */ = {isa = PBXBuildFile; fileRef = 683049322777F6D0005AD207 /* Main.storyboard */; };
		683049362777F6D2005AD207 /* Assets.xcassets in Resources */ = {isa = PBXBuildFile; fileRef = 683049352777F6D2005AD207 /* Assets.xcassets */; };
		683049392777F6D3005AD207 /* LaunchScreen.storyboard in Resources */ = {isa = PBXBuildFile; fileRef = 683049372777F6D3005AD207 /* LaunchScreen.storyboard */; };
		683049442777F6D3005AD207 /* loteria_appTests.swift in Sources */ = {isa = PBXBuildFile; fileRef = 683049432777F6D3005AD207 /* loteria_appTests.swift */; };
		6830494E2777F6D3005AD207 /* loteria_appUITests.swift in Sources */ = {isa = PBXBuildFile; fileRef = 6830494D2777F6D3005AD207 /* loteria_appUITests.swift */; };
		683049502777F6D3005AD207 /* loteria_appUITestsLaunchTests.swift in Sources */ = {isa = PBXBuildFile; fileRef = 6830494F2777F6D3005AD207 /* loteria_appUITestsLaunchTests.swift */; };
/* End PBXBuildFile section */

/* Begin PBXContainerItemProxy section */
		683049402777F6D3005AD207 /* PBXContainerItemProxy */ = {
			isa = PBXContainerItemProxy;
			containerPortal = 683049212777F6D0005AD207 /* Project object */;
			proxyType = 1;
			remoteGlobalIDString = 683049282777F6D0005AD207;
			remoteInfo = "loteria-app";
		};
		6830494A2777F6D3005AD207 /* PBXContainerItemProxy */ = {
			isa = PBXContainerItemProxy;
			containerPortal = 683049212777F6D0005AD207 /* Project object */;
			proxyType = 1;
			remoteGlobalIDString = 683049282777F6D0005AD207;
			remoteInfo = "loteria-app";
		};
/* End PBXContainerItemProxy section */

/* Begin PBXFileReference section */
		683049292777F6D0005AD207 /* loteria-app.app */ = {isa = PBXFileReference; explicitFileType = wrapper.application; includeInIndex = 0; path = "loteria-app.app"; sourceTree = BUILT_PRODUCTS_DIR; };
		6830492C2777F6D0005AD207 /* AppDelegate.swift */ = {isa = PBXFileReference; lastKnownFileType = sourcecode.swift; path = AppDelegate.swift; sourceTree = "<group>"; };
		6830492E2777F6D0005AD207 /* SceneDelegate.swift */ = {isa = PBXFileReference; lastKnownFileType = sourcecode.swift; path = SceneDelegate.swift; sourceTree = "<group>"; };
		683049302777F6D0005AD207 /* ViewController.swift */ = {isa = PBXFileReference; lastKnownFileType = sourcecode.swift; path = ViewController.swift; sourceTree = "<group>"; };
		683049332777F6D0005AD207 /* Base */ = {isa = PBXFileReference; lastKnownFileType = file.storyboard; name = Base; path = Base.lproj/Main.storyboard; sourceTree = "<group>"; };
		683049352777F6D2005AD207 /* Assets.xcassets */ = {isa = PBXFileReference; lastKnownFileType = folder.assetcatalog; path = Assets.xcassets; sourceTree = "<group>"; };
		683049382777F6D3005AD207 /* Base */ = {isa = PBXFileReference; lastKnownFileType = file.storyboard; name = Base; path = Base.lproj/LaunchScreen.storyboard; sourceTree = "<group>"; };
		6830493A2777F6D3005AD207 /* Info.plist */ = {isa = PBXFileReference; lastKnownFileType = text.plist.xml; path = Info.plist; sourceTree = "<group>"; };
		6830493F2777F6D3005AD207 /* loteria-appTests.xctest */ = {isa = PBXFileReference; explicitFileType = wrapper.cfbundle; includeInIndex = 0; path = "loteria-appTests.xctest"; sourceTree = BUILT_PRODUCTS_DIR; };
		683049432777F6D3005AD207 /* loteria_appTests.swift */ = {isa = PBXFileReference; lastKnownFileType = sourcecode.swift; path = loteria_appTests.swift; sourceTree = "<group>"; };
		683049492777F6D3005AD207 /* loteria-appUITests.xctest */ = {isa = PBXFileReference; explicitFileType = wrapper.cfbundle; includeInIndex = 0; path = "loteria-appUITests.xctest"; sourceTree = BUILT_PRODUCTS_DIR; };
		6830494D2777F6D3005AD207 /* loteria_appUITests.swift */ = {isa = PBXFileReference; lastKnownFileType = sourcecode.swift; path = loteria_appUITests.swift; sourceTree = "<group>"; };
		6830494F2777F6D3005AD207 /* loteria_appUITestsLaunchTests.swift */ = {isa = PBXFileReference; lastKnownFileType = sourcecode.swift; path = loteria_appUITestsLaunchTests.swift; sourceTree = "<group>"; };
/* End PBXFileReference section */

/* Begin PBXFrameworksBuildPhase section */
		683049262777F6D0005AD207 /* Frameworks */ = {
			isa = PBXFrameworksBuildPhase;
			buildActionMask = 2147483647;
			files = (
			);
			runOnlyForDeploymentPostprocessing = 0;
		};
		6830493C2777F6D3005AD207 /* Frameworks */ = {
			isa = PBXFrameworksBuildPhase;
			buildActionMask = 2147483647;
			files = (
			);
			runOnlyForDeploymentPostprocessing = 0;
		};
		683049462777F6D3005AD207 /* Frameworks */ = {
			isa = PBXFrameworksBuildPhase;
			buildActionMask = 2147483647;
			files = (
			);
			runOnlyForDeploymentPostprocessing = 0;
		};
/* End PBXFrameworksBuildPhase section */

/* Begin PBXGroup section */
		683049202777F6D0005AD207 = {
			isa = PBXGroup;
			children = (
				6830492B2777F6D0005AD207 /* loteria-app */,
				683049422777F6D3005AD207 /* loteria-appTests */,
				6830494C2777F6D3005AD207 /* loteria-appUITests */,
				6830492A2777F6D0005AD207 /* Products */,
			);
			sourceTree = "<group>";
		};
		6830492A2777F6D0005AD207 /* Products */ = {
			isa = PBXGroup;
			children = (
				683049292777F6D0005AD207 /* loteria-app.app */,
				6830493F2777F6D3005AD207 /* loteria-appTests.xctest */,
				683049492777F6D3005AD207 /* loteria-appUITests.xctest */,
			);
			name = Products;
			sourceTree = "<group>";
		};
		6830492B2777F6D0005AD207 /* loteria-app */ = {
			isa = PBXGroup;
			children = (
				6830492C2777F6D0005AD207 /* AppDelegate.swift */,
				6830492E2777F6D0005AD207 /* SceneDelegate.swift */,
				683049302777F6D0005AD207 /* ViewController.swift */,
				683049322777F6D0005AD207 /* Main.storyboard */,
				683049352777F6D2005AD207 /* Assets.xcassets */,
				683049372777F6D3005AD207 /* LaunchScreen.storyboard */,
				6830493A2777F6D3005AD207 /* Info.plist */,
			);
			path = "loteria-app";
			sourceTree = "<group>";
		};
		683049422777F6D3005AD207 /* loteria-appTests */ = {
			isa = PBXGroup;
			children = (
				683049432777F6D3005AD207 /* loteria_appTests.swift */,
			);
			path = "loteria-appTests";
			sourceTree = "<group>";
		};
		6830494C2777F6D3005AD207 /* loteria-appUITests */ = {
			isa = PBXGroup;
			children = (
				6830494D2777F6D3005AD207 /* loteria_appUITests.swift */,
				6830494F2777F6D3005AD207 /* loteria_appUITestsLaunchTests.swift */,
			);
			path = "loteria-appUITests";
			sourceTree = "<group>";
		};
/* End PBXGroup section */

/* Begin PBXNativeTarget section */
		683049282777F6D0005AD207 /* loteria-app */ = {
			isa = PBXNativeTarget;
			buildConfigurationList = 683049532777F6D3005AD207 /* Build configuration list for PBXNativeTarget "loteria-app" */;
			buildPhases = (
				683049252777F6D0005AD207 /* Sources */,
				683049262777F6D0005AD207 /* Frameworks */,
				683049272777F6D0005AD207 /* Resources */,
			);
			buildRules = (
			);
			dependencies = (
			);
			name = "loteria-app";
			productName = "loteria-app";
			productReference = 683049292777F6D0005AD207 /* loteria-app.app */;
			productType = "com.apple.product-type.application";
		};
		6830493E2777F6D3005AD207 /* loteria-appTests */ = {
			isa = PBXNativeTarget;
			buildConfigurationList = 683049562777F6D3005AD207 /* Build configuration list for PBXNativeTarget "loteria-appTests" */;
			buildPhases = (
				6830493B2777F6D3005AD207 /* Sources */,
				6830493C2777F6D3005AD207 /* Frameworks */,
				6830493D2777F6D3005AD207 /* Resources */,
			);
			buildRules = (
			);
			dependencies = (
				683049412777F6D3005AD207 /* PBXTargetDependency */,
			);
			name = "loteria-appTests";
			productName = "loteria-appTests";
			productReference = 6830493F2777F6D3005AD207 /* loteria-appTests.xctest */;
			productType = "com.apple.product-type.bundle.unit-test";
		};
		683049482777F6D3005AD207 /* loteria-appUITests */ = {
			isa = PBXNativeTarget;
			buildConfigurationList = 683049592777F6D3005AD207 /* Build configuration list for PBXNativeTarget "loteria-appUITests" */;
			buildPhases = (
				683049452777F6D3005AD207 /* Sources */,
				683049462777F6D3005AD207 /* Frameworks */,
				683049472777F6D3005AD207 /* Resources */,
			);
			buildRules = (
			);
			dependencies = (
				6830494B2777F6D3005AD207 /* PBXTargetDependency */,
			);
			name = "loteria-appUITests";
			productName = "loteria-appUITests";
			productReference = 683049492777F6D3005AD207 /* loteria-appUITests.xctest */;
			productType = "com.apple.product-type.bundle.ui-testing";
		};
/* End PBXNativeTarget section */

/* Begin PBXProject section */
		683049212777F6D0005AD207 /* Project object */ = {
			isa = PBXProject;
			attributes = {
				BuildIndependentTargetsInParallel = 1;
				LastSwiftUpdateCheck = 1310;
				LastUpgradeCheck = 1310;
				TargetAttributes = {
					683049282777F6D0005AD207 = {
						CreatedOnToolsVersion = 13.1;
					};
					6830493E2777F6D3005AD207 = {
						CreatedOnToolsVersion = 13.1;
						TestTargetID = 683049282777F6D0005AD207;
					};
					683049482777F6D3005AD207 = {
						CreatedOnToolsVersion = 13.1;
						TestTargetID = 683049282777F6D0005AD207;
					};
				};
			};
			buildConfigurationList = 683049242777F6D0005AD207 /* Build configuration list for PBXProject "loteria-app" */;
			compatibilityVersion = "Xcode 13.0";
			developmentRegion = en;
			hasScannedForEncodings = 0;
			knownRegions = (
				en,
				Base,
			);
			mainGroup = 683049202777F6D0005AD207;
			productRefGroup = 6830492A2777F6D0005AD207 /* Products */;
			projectDirPath = "";
			projectRoot = "";
			targets = (
				683049282777F6D0005AD207 /* loteria-app */,
				6830493E2777F6D3005AD207 /* loteria-appTests */,
				683049482777F6D3005AD207 /* loteria-appUITests */,
			);
		};
/* End PBXProject section */

/* Begin PBXResourcesBuildPhase section */
		683049272777F6D0005AD207 /* Resources */ = {
			isa = PBXResourcesBuildPhase;
			buildActionMask = 2147483647;
			files = (
				683049392777F6D3005AD207 /* LaunchScreen.storyboard in Resources */,
				683049362777F6D2005AD207 /* Assets.xcassets in Resources */,
				683049342777F6D0005AD207 /* Main.storyboard in Resources */,
			);
			runOnlyForDeploymentPostprocessing = 0;
		};
		6830493D2777F6D3005AD207 /* Resources */ = {
			isa = PBXResourcesBuildPhase;
			buildActionMask = 2147483647;
			files = (
			);
			runOnlyForDeploymentPostprocessing = 0;
		};
		683049472777F6D3005AD207 /* Resources */ = {
			isa = PBXResourcesBuildPhase;
			buildActionMask = 2147483647;
			files = (
			);
			runOnlyForDeploymentPostprocessing = 0;
		};
/* End PBXResourcesBuildPhase section */

/* Begin PBXSourcesBuildPhase section */
		683049252777F6D0005AD207 /* Sources */ = {
			isa = PBXSourcesBuildPhase;
			buildActionMask = 2147483647;
			files = (
				683049312777F6D0005AD207 /* ViewController.swift in Sources */,
				6830492D2777F6D0005AD207 /* AppDelegate.swift in Sources */,
				6830492F2777F6D0005AD207 /* SceneDelegate.swift in Sources */,
			);
			runOnlyForDeploymentPostprocessing = 0;
		};
		6830493B2777F6D3005AD207 /* Sources */ = {
			isa = PBXSourcesBuildPhase;
			buildActionMask = 2147483647;
			files = (
				683049442777F6D3005AD207 /* loteria_appTests.swift in Sources */,
			);
			runOnlyForDeploymentPostprocessing = 0;
		};
		683049452777F6D3005AD207 /* Sources */ = {
			isa = PBXSourcesBuildPhase;
			buildActionMask = 2147483647;
			files = (
				6830494E2777F6D3005AD207 /* loteria_appUITests.swift in Sources */,
				683049502777F6D3005AD207 /* loteria_appUITestsLaunchTests.swift in Sources */,
			);
			runOnlyForDeploymentPostprocessing = 0;
		};
/* End PBXSourcesBuildPhase section */

/* Begin PBXTargetDependency section */
		683049412777F6D3005AD207 /* PBXTargetDependency */ = {
			isa = PBXTargetDependency;
			target = 683049282777F6D0005AD207 /* loteria-app */;
			targetProxy = 683049402777F6D3005AD207 /* PBXContainerItemProxy */;
		};
		6830494B2777F6D3005AD207 /* PBXTargetDependency */ = {
			isa = PBXTargetDependency;
			target = 683049282777F6D0005AD207 /* loteria-app */;
			targetProxy = 6830494A2777F6D3005AD207 /* PBXContainerItemProxy */;
		};
/* End PBXTargetDependency section */

/* Begin PBXVariantGroup section */
		683049322777F6D0005AD207 /* Main.storyboard */ = {
			isa = PBXVariantGroup;
			children = (
				683049332777F6D0005AD207 /* Base */,
			);
			name = Main.storyboard;
			sourceTree = "<group>";
		};
		683049372777F6D3005AD207 /* LaunchScreen.storyboard */ = {
			isa = PBXVariantGroup;
			children = (
				683049382777F6D3005AD207 /* Base */,
			);
			name = LaunchScreen.storyboard;
			sourceTree = "<group>";
		};
/* End PBXVariantGroup section */

/* Begin XCBuildConfiguration section */
		683049512777F6D3005AD207 /* Debug */ = {
			isa = XCBuildConfiguration;
			buildSettings = {
				ALWAYS_SEARCH_USER_PATHS = NO;
				CLANG_ANALYZER_NONNULL = YES;
				CLANG_ANALYZER_NUMBER_OBJECT_CONVERSION = YES_AGGRESSIVE;
				CLANG_CXX_LANGUAGE_STANDARD = "gnu++17";
				CLANG_CXX_LIBRARY = "libc++";
				CLANG_ENABLE_MODULES = YES;
				CLANG_ENABLE_OBJC_ARC = YES;
				CLANG_ENABLE_OBJC_WEAK = YES;
				CLANG_WARN_BLOCK_CAPTURE_AUTORELEASING = YES;
				CLANG_WARN_BOOL_CONVERSION = YES;
				CLANG_WARN_COMMA = YES;
				CLANG_WARN_CONSTANT_CONVERSION = YES;
				CLANG_WARN_DEPRECATED_OBJC_IMPLEMENTATIONS = YES;
				CLANG_WARN_DIRECT_OBJC_ISA_USAGE = YES_ERROR;
				CLANG_WARN_DOCUMENTATION_COMMENTS = YES;
				CLANG_WARN_EMPTY_BODY = YES;
				CLANG_WARN_ENUM_CONVERSION = YES;
				CLANG_WARN_INFINITE_RECURSION = YES;
				CLANG_WARN_INT_CONVERSION = YES;
				CLANG_WARN_NON_LITERAL_NULL_CONVERSION = YES;
				CLANG_WARN_OBJC_IMPLICIT_RETAIN_SELF = YES;
				CLANG_WARN_OBJC_LITERAL_CONVERSION = YES;
				CLANG_WARN_OBJC_ROOT_CLASS = YES_ERROR;
				CLANG_WARN_QUOTED_INCLUDE_IN_FRAMEWORK_HEADER = YES;
				CLANG_WARN_RANGE_LOOP_ANALYSIS = YES;
				CLANG_WARN_STRICT_PROTOTYPES = YES;
				CLANG_WARN_SUSPICIOUS_MOVE = YES;
				CLANG_WARN_UNGUARDED_AVAILABILITY = YES_AGGRESSIVE;
				CLANG_WARN_UNREACHABLE_CODE = YES;
				CLANG_WARN__DUPLICATE_METHOD_MATCH = YES;
				COPY_PHASE_STRIP = NO;
				DEBUG_INFORMATION_FORMAT = dwarf;
				ENABLE_STRICT_OBJC_MSGSEND = YES;
				ENABLE_TESTABILITY = YES;
				GCC_C_LANGUAGE_STANDARD = gnu11;
				GCC_DYNAMIC_NO_PIC = NO;
				GCC_NO_COMMON_BLOCKS = YES;
				GCC_OPTIMIZATION_LEVEL = 0;
				GCC_PREPROCESSOR_DEFINITIONS = (
					"DEBUG=1",
					"$(inherited)",
				);
				GCC_WARN_64_TO_32_BIT_CONVERSION = YES;
				GCC_WARN_ABOUT_RETURN_TYPE = YES_ERROR;
				GCC_WARN_UNDECLARED_SELECTOR = YES;
				GCC_WARN_UNINITIALIZED_AUTOS = YES_AGGRESSIVE;
				GCC_WARN_UNUSED_FUNCTION = YES;
				GCC_WARN_UNUSED_VARIABLE = YES;
				IPHONEOS_DEPLOYMENT_TARGET = 15.0;
				MTL_ENABLE_DEBUG_INFO = INCLUDE_SOURCE;
				MTL_FAST_MATH = YES;
				ONLY_ACTIVE_ARCH = YES;
				SDKROOT = iphoneos;
				SWIFT_ACTIVE_COMPILATION_CONDITIONS = DEBUG;
				SWIFT_OPTIMIZATION_LEVEL = "-Onone";
			};
			name = Debug;
		};
		683049522777F6D3005AD207 /* Release */ = {
			isa = XCBuildConfiguration;
			buildSettings = {
				ALWAYS_SEARCH_USER_PATHS = NO;
				CLANG_ANALYZER_NONNULL = YES;
				CLANG_ANALYZER_NUMBER_OBJECT_CONVERSION = YES_AGGRESSIVE;
				CLANG_CXX_LANGUAGE_STANDARD = "gnu++17";
				CLANG_CXX_LIBRARY = "libc++";
				CLANG_ENABLE_MODULES = YES;
				CLANG_ENABLE_OBJC_ARC = YES;
				CLANG_ENABLE_OBJC_WEAK = YES;
				CLANG_WARN_BLOCK_CAPTURE_AUTORELEASING = YES;
				CLANG_WARN_BOOL_CONVERSION = YES;
				CLANG_WARN_COMMA = YES;
				CLANG_WARN_CONSTANT_CONVERSION = YES;
				CLANG_WARN_DEPRECATED_OBJC_IMPLEMENTATIONS = YES;
				CLANG_WARN_DIRECT_OBJC_ISA_USAGE = YES_ERROR;
				CLANG_WARN_DOCUMENTATION_COMMENTS = YES;
				CLANG_WARN_EMPTY_BODY = YES;
				CLANG_WARN_ENUM_CONVERSION = YES;
				CLANG_WARN_INFINITE_RECURSION = YES;
				CLANG_WARN_INT_CONVERSION = YES;
				CLANG_WARN_NON_LITERAL_NULL_CONVERSION = YES;
				CLANG_WARN_OBJC_IMPLICIT_RETAIN_SELF = YES;
				CLANG_WARN_OBJC_LITERAL_CONVERSION = YES;
				CLANG_WARN_OBJC_ROOT_CLASS = YES_ERROR;
				CLANG_WARN_QUOTED_INCLUDE_IN_FRAMEWORK_HEADER = YES;
				CLANG_WARN_RANGE_LOOP_ANALYSIS = YES;
				CLANG_WARN_STRICT_PROTOTYPES = YES;
				CLANG_WARN_SUSPICIOUS_MOVE = YES;
				CLANG_WARN_UNGUARDED_AVAILABILITY = YES_AGGRESSIVE;
				CLANG_WARN_UNREACHABLE_CODE = YES;
				CLANG_WARN__DUPLICATE_METHOD_MATCH = YES;
				COPY_PHASE_STRIP = NO;
				DEBUG_INFORMATION_FORMAT = "dwarf-with-dsym";
				ENABLE_NS_ASSERTIONS = NO;
				ENABLE_STRICT_OBJC_MSGSEND = YES;
				GCC_C_LANGUAGE_STANDARD = gnu11;
				GCC_NO_COMMON_BLOCKS = YES;
				GCC_WARN_64_TO_32_BIT_CONVERSION = YES;
				GCC_WARN_ABOUT_RETURN_TYPE = YES_ERROR;
				GCC_WARN_UNDECLARED_SELECTOR = YES;
				GCC_WARN_UNINITIALIZED_AUTOS = YES_AGGRESSIVE;
				GCC_WARN_UNUSED_FUNCTION = YES;
				GCC_WARN_UNUSED_VARIABLE = YES;
				IPHONEOS_DEPLOYMENT_TARGET = 15.0;
				MTL_ENABLE_DEBUG_INFO = NO;
				MTL_FAST_MATH = YES;
				SDKROOT = iphoneos;
				SWIFT_COMPILATION_MODE = wholemodule;
				SWIFT_OPTIMIZATION_LEVEL = "-O";
				VALIDATE_PRODUCT = YES;
			};
			name = Release;
		};
		683049542777F6D3005AD207 /* Debug */ = {
			isa = XCBuildConfiguration;
			buildSettings = {
				ASSETCATALOG_COMPILER_APPICON_NAME = AppIcon;
				ASSETCATALOG_COMPILER_GLOBAL_ACCENT_COLOR_NAME = AccentColor;
				CODE_SIGN_STYLE = Automatic;
				CURRENT_PROJECT_VERSION = 1;
				DEVELOPMENT_TEAM = 732277KLEB;
				GENERATE_INFOPLIST_FILE = YES;
				INFOPLIST_FILE = "loteria-app/Info.plist";
				INFOPLIST_KEY_UIApplicationSupportsIndirectInputEvents = YES;
				INFOPLIST_KEY_UILaunchStoryboardName = LaunchScreen;
				INFOPLIST_KEY_UIMainStoryboardFile = Main;
				INFOPLIST_KEY_UISupportedInterfaceOrientations = UIInterfaceOrientationPortrait;
				INFOPLIST_KEY_UISupportedInterfaceOrientations_iPad = "UIInterfaceOrientationPortrait UIInterfaceOrientationPortraitUpsideDown UIInterfaceOrientationLandscapeLeft UIInterfaceOrientationLandscapeRight";
				INFOPLIST_KEY_UISupportedInterfaceOrientations_iPhone = "UIInterfaceOrientationPortrait UIInterfaceOrientationLandscapeLeft UIInterfaceOrientationLandscapeRight";
				LD_RUNPATH_SEARCH_PATHS = (
					"$(inherited)",
					"@executable_path/Frameworks",
				);
				MARKETING_VERSION = 1.0;
				PRODUCT_BUNDLE_IDENTIFIER = "br.com.michellicristina.loteria-app";
				PRODUCT_NAME = "$(TARGET_NAME)";
				SWIFT_EMIT_LOC_STRINGS = YES;
				SWIFT_VERSION = 5.0;
				TARGETED_DEVICE_FAMILY = 1;
			};
			name = Debug;
		};
		683049552777F6D3005AD207 /* Release */ = {
			isa = XCBuildConfiguration;
			buildSettings = {
				ASSETCATALOG_COMPILER_APPICON_NAME = AppIcon;
				ASSETCATALOG_COMPILER_GLOBAL_ACCENT_COLOR_NAME = AccentColor;
				CODE_SIGN_STYLE = Automatic;
				CURRENT_PROJECT_VERSION = 1;
				DEVELOPMENT_TEAM = 732277KLEB;
				GENERATE_INFOPLIST_FILE = YES;
				INFOPLIST_FILE = "loteria-app/Info.plist";
				INFOPLIST_KEY_UIApplicationSupportsIndirectInputEvents = YES;
				INFOPLIST_KEY_UILaunchStoryboardName = LaunchScreen;
				INFOPLIST_KEY_UIMainStoryboardFile = Main;
				INFOPLIST_KEY_UISupportedInterfaceOrientations = UIInterfaceOrientationPortrait;
				INFOPLIST_KEY_UISupportedInterfaceOrientations_iPad = "UIInterfaceOrientationPortrait UIInterfaceOrientationPortraitUpsideDown UIInterfaceOrientationLandscapeLeft UIInterfaceOrientationLandscapeRight";
				INFOPLIST_KEY_UISupportedInterfaceOrientations_iPhone = "UIInterfaceOrientationPortrait UIInterfaceOrientationLandscapeLeft UIInterfaceOrientationLandscapeRight";
				LD_RUNPATH_SEARCH_PATHS = (
					"$(inherited)",
					"@executable_path/Frameworks",
				);
				MARKETING_VERSION = 1.0;
				PRODUCT_BUNDLE_IDENTIFIER = "br.com.michellicristina.loteria-app";
				PRODUCT_NAME = "$(TARGET_NAME)";
				SWIFT_EMIT_LOC_STRINGS = YES;
				SWIFT_VERSION = 5.0;
				TARGETED_DEVICE_FAMILY = 1;
			};
			name = Release;
		};
		683049572777F6D3005AD207 /* Debug */ = {
			isa = XCBuildConfiguration;
			buildSettings = {
				ALWAYS_EMBED_SWIFT_STANDARD_LIBRARIES = YES;
				BUNDLE_LOADER = "$(TEST_HOST)";
				CODE_SIGN_STYLE = Automatic;
				CURRENT_PROJECT_VERSION = 1;
				DEVELOPMENT_TEAM = 732277KLEB;
				GENERATE_INFOPLIST_FILE = YES;
				IPHONEOS_DEPLOYMENT_TARGET = 15.0;
				LD_RUNPATH_SEARCH_PATHS = (
					"$(inherited)",
					"@executable_path/Frameworks",
					"@loader_path/Frameworks",
				);
				MARKETING_VERSION = 1.0;
				PRODUCT_BUNDLE_IDENTIFIER = "br.com.michellicristina.loteria-appTests";
				PRODUCT_NAME = "$(TARGET_NAME)";
				SWIFT_EMIT_LOC_STRINGS = NO;
				SWIFT_VERSION = 5.0;
				TARGETED_DEVICE_FAMILY = "1,2";
				TEST_HOST = "$(BUILT_PRODUCTS_DIR)/loteria-app.app/loteria-app";
			};
			name = Debug;
		};
		683049582777F6D3005AD207 /* Release */ = {
			isa = XCBuildConfiguration;
			buildSettings = {
				ALWAYS_EMBED_SWIFT_STANDARD_LIBRARIES = YES;
				BUNDLE_LOADER = "$(TEST_HOST)";
				CODE_SIGN_STYLE = Automatic;
				CURRENT_PROJECT_VERSION = 1;
				DEVELOPMENT_TEAM = 732277KLEB;
				GENERATE_INFOPLIST_FILE = YES;
				IPHONEOS_DEPLOYMENT_TARGET = 15.0;
				LD_RUNPATH_SEARCH_PATHS = (
					"$(inherited)",
					"@executable_path/Frameworks",
					"@loader_path/Frameworks",
				);
				MARKETING_VERSION = 1.0;
				PRODUCT_BUNDLE_IDENTIFIER = "br.com.michellicristina.loteria-appTests";
				PRODUCT_NAME = "$(TARGET_NAME)";
				SWIFT_EMIT_LOC_STRINGS = NO;
				SWIFT_VERSION = 5.0;
				TARGETED_DEVICE_FAMILY = "1,2";
				TEST_HOST = "$(BUILT_PRODUCTS_DIR)/loteria-app.app/loteria-app";
			};
			name = Release;
		};
		6830495A2777F6D3005AD207 /* Debug */ = {
			isa = XCBuildConfiguration;
			buildSettings = {
				ALWAYS_EMBED_SWIFT_STANDARD_LIBRARIES = YES;
				CODE_SIGN_STYLE = Automatic;
				CURRENT_PROJECT_VERSION = 1;
				DEVELOPMENT_TEAM = 732277KLEB;
				GENERATE_INFOPLIST_FILE = YES;
				LD_RUNPATH_SEARCH_PATHS = (
					"$(inherited)",
					"@executable_path/Frameworks",
					"@loader_path/Frameworks",
				);
				MARKETING_VERSION = 1.0;
				PRODUCT_BUNDLE_IDENTIFIER = "br.com.michellicristina.loteria-appUITests";
				PRODUCT_NAME = "$(TARGET_NAME)";
				SWIFT_EMIT_LOC_STRINGS = NO;
				SWIFT_VERSION = 5.0;
				TARGETED_DEVICE_FAMILY = "1,2";
				TEST_TARGET_NAME = "loteria-app";
			};
			name = Debug;
		};
		6830495B2777F6D3005AD207 /* Release */ = {
			isa = XCBuildConfiguration;
			buildSettings = {
				ALWAYS_EMBED_SWIFT_STANDARD_LIBRARIES = YES;
				CODE_SIGN_STYLE = Automatic;
				CURRENT_PROJECT_VERSION = 1;
				DEVELOPMENT_TEAM = 732277KLEB;
				GENERATE_INFOPLIST_FILE = YES;
				LD_RUNPATH_SEARCH_PATHS = (
					"$(inherited)",
					"@executable_path/Frameworks",
					"@loader_path/Frameworks",
				);
				MARKETING_VERSION = 1.0;
				PRODUCT_BUNDLE_IDENTIFIER = "br.com.michellicristina.loteria-appUITests";
				PRODUCT_NAME = "$(TARGET_NAME)";
				SWIFT_EMIT_LOC_STRINGS = NO;
				SWIFT_VERSION = 5.0;
				TARGETED_DEVICE_FAMILY = "1,2";
				TEST_TARGET_NAME = "loteria-app";
			};
			name = Release;
		};
/* End XCBuildConfiguration section */

/* Begin XCConfigurationList section */
		683049242777F6D0005AD207 /* Build configuration list for PBXProject "loteria-app" */ = {
			isa = XCConfigurationList;
			buildConfigurations = (
				683049512777F6D3005AD207 /* Debug */,
				683049522777F6D3005AD207 /* Release */,
			);
			defaultConfigurationIsVisible = 0;
			defaultConfigurationName = Release;
		};
		683049532777F6D3005AD207 /* Build configuration list for PBXNativeTarget "loteria-app" */ = {
			isa = XCConfigurationList;
			buildConfigurations = (
				683049542777F6D3005AD207 /* Debug */,
				683049552777F6D3005AD207 /* Release */,
			);
			defaultConfigurationIsVisible = 0;
			defaultConfigurationName = Release;
		};
		683049562777F6D3005AD207 /* Build configuration list for PBXNativeTarget "loteria-appTests" */ = {
			isa = XCConfigurationList;
			buildConfigurations = (
				683049572777F6D3005AD207 /* Debug */,
				683049582777F6D3005AD207 /* Release */,
			);
			defaultConfigurationIsVisible = 0;
			defaultConfigurationName = Release;
		};
		683049592777F6D3005AD207 /* Build configuration list for PBXNativeTarget "loteria-appUITests" */ = {
			isa = XCConfigurationList;
			buildConfigurations = (
				6830495A2777F6D3005AD207 /* Debug */,
				6830495B2777F6D3005AD207 /* Release */,
			);
			defaultConfigurationIsVisible = 0;
			defaultConfigurationName = Release;
		};
/* End XCConfigurationList section */
	};
	rootObject = 683049212777F6D0005AD207 /* Project object */;
}
